{
  "pins" : [
    {
      "identity" : "appauth-ios",
      "kind" : "remoteSourceControl",
      "location" : "https://github.com/openid/AppAuth-iOS.git",
      "state" : {
        "revision" : "71cde449f13d453227e687458144bde372d30fc7",
        "version" : "1.6.2"
      }
    },
    {
      "identity" : "googlesignin-ios",
      "kind" : "remoteSourceControl",
      "location" : "https://github.com/google/GoogleSignIn-iOS",
      "state" : {
        "revision" : "7932d33686c1dc4d7df7a919aae47361d1cdfda4",
        "version" : "7.0.0"
      }
    },
    {
      "identity" : "gtm-session-fetcher",
      "kind" : "remoteSourceControl",
      "location" : "https://github.com/google/gtm-session-fetcher.git",
      "state" : {
        "revision" : "115f75e43851774934d695449a4836123c3246e1",
        "version" : "3.2.0"
      }
    },
    {
      "identity" : "gtmappauth",
      "kind" : "remoteSourceControl",
      "location" : "https://github.com/google/GTMAppAuth.git",
      "state" : {
        "revision" : "cee3c709307912d040bd1e06ca919875a92339c6",
        "version" : "2.0.0"
      }
    },
    {
      "identity" : "jsoncoder",
      "kind" : "remoteSourceControl",
      "location" : "https://github.com/ikok07/JSONCoder.git",
      "state" : {
        "branch" : "main",
        "revision" : "6e4a51f37443cbec204b70dc233723f643157b58"
      }
    },
    {
      "identity" : "networkrequests",
      "kind" : "remoteSourceControl",
      "location" : "https://github.com/ikok07/NetworkRequests.git",
      "state" : {
        "branch" : "main",
        "revision" : "5d9b39e5e0bb59b9eb5a9b638010044600ab8149"
      }
    },
    {
      "identity" : "swift-macros",
      "kind" : "remoteSourceControl",
      "location" : "https://github.com/bernndr/swift-macros.git",
      "state" : {
        "branch" : "main",
        "revision" : "8fd2a351d337ed22de523795c90a7ffb265261d1"
      }
    },
    {
      "identity" : "swift-syntax",
      "kind" : "remoteSourceControl",
      "location" : "https://github.com/apple/swift-syntax.git",
      "state" : {
        "revision" : "6ad4ea24b01559dde0773e3d091f1b9e36175036",
        "version" : "509.0.2"
      }
    },
    {
      "identity" : "toolchain",
      "kind" : "remoteSourceControl",
      "location" : "https://github.com/ikok07/Toolchain.git",
      "state" : {
        "branch" : "main",
        "revision" : "3c2bab79db85e6334ce214ac0bf278e28a3019e6"
      }
    }
  ],
  "version" : 2
}
